// !$*UTF8*$!
{
	archiveVersion = 1;
	classes = {
	};
	objectVersion = 50;
	objects = {

/* Begin PBXBuildFile section */
		D0983808239A579B00F850A3 /* DataHandler.swift in Sources */ = {isa = PBXBuildFile; fileRef = D0983807239A579B00F850A3 /* DataHandler.swift */; };
		D098380A239A5BE300F850A3 /* transcript.md in Resources */ = {isa = PBXBuildFile; fileRef = D0983809239A5BE300F850A3 /* transcript.md */; };
		ED73072A220B2E310093B38F /* AppDelegate.swift in Sources */ = {isa = PBXBuildFile; fileRef = ED730729220B2E310093B38F /* AppDelegate.swift */; };
		ED73072C220B2E310093B38F /* ContentViewController.swift in Sources */ = {isa = PBXBuildFile; fileRef = ED73072B220B2E310093B38F /* ContentViewController.swift */; };
		ED73072F220B2E310093B38F /* Main.storyboard in Resources */ = {isa = PBXBuildFile; fileRef = ED73072D220B2E310093B38F /* Main.storyboard */; };
		ED730731220B2E360093B38F /* Assets.xcassets in Resources */ = {isa = PBXBuildFile; fileRef = ED730730220B2E360093B38F /* Assets.xcassets */; };
		ED730734220B2E360093B38F /* LaunchScreen.storyboard in Resources */ = {isa = PBXBuildFile; fileRef = ED730732220B2E360093B38F /* LaunchScreen.storyboard */; };
		ED73073C220B2F2D0093B38F /* MainTableViewController.swift in Sources */ = {isa = PBXBuildFile; fileRef = ED73073B220B2F2D0093B38F /* MainTableViewController.swift */; };
/* End PBXBuildFile section */

/* Begin PBXFileReference section */
		D0983807239A579B00F850A3 /* DataHandler.swift */ = {isa = PBXFileReference; lastKnownFileType = sourcecode.swift; path = DataHandler.swift; sourceTree = "<group>"; };
		D0983809239A5BE300F850A3 /* transcript.md */ = {isa = PBXFileReference; fileEncoding = 4; lastKnownFileType = net.daringfireball.markdown; name = transcript.md; path = ../../../transcript.md; sourceTree = "<group>"; };
		ED730726220B2E310093B38F /* Hospital App iOS.app */ = {isa = PBXFileReference; explicitFileType = wrapper.application; includeInIndex = 0; path = "Hospital App iOS.app"; sourceTree = BUILT_PRODUCTS_DIR; };
		ED730729220B2E310093B38F /* AppDelegate.swift */ = {isa = PBXFileReference; lastKnownFileType = sourcecode.swift; path = AppDelegate.swift; sourceTree = "<group>"; };
		ED73072B220B2E310093B38F /* ContentViewController.swift */ = {isa = PBXFileReference; lastKnownFileType = sourcecode.swift; path = ContentViewController.swift; sourceTree = "<group>"; };
		ED73072E220B2E310093B38F /* Base */ = {isa = PBXFileReference; lastKnownFileType = file.storyboard; name = Base; path = Base.lproj/Main.storyboard; sourceTree = "<group>"; };
		ED730730220B2E360093B38F /* Assets.xcassets */ = {isa = PBXFileReference; lastKnownFileType = folder.assetcatalog; path = Assets.xcassets; sourceTree = "<group>"; };
		ED730733220B2E360093B38F /* Base */ = {isa = PBXFileReference; lastKnownFileType = file.storyboard; name = Base; path = Base.lproj/LaunchScreen.storyboard; sourceTree = "<group>"; };
		ED730735220B2E360093B38F /* Info.plist */ = {isa = PBXFileReference; lastKnownFileType = text.plist.xml; path = Info.plist; sourceTree = "<group>"; };
		ED73073B220B2F2D0093B38F /* MainTableViewController.swift */ = {isa = PBXFileReference; lastKnownFileType = sourcecode.swift; path = MainTableViewController.swift; sourceTree = "<group>"; };
/* End PBXFileReference section */

/* Begin PBXFrameworksBuildPhase section */
		ED730723220B2E310093B38F /* Frameworks */ = {
			isa = PBXFrameworksBuildPhase;
			buildActionMask = 2147483647;
			files = (
			);
			runOnlyForDeploymentPostprocessing = 0;
		};
/* End PBXFrameworksBuildPhase section */

/* Begin PBXGroup section */
		ED73071D220B2E310093B38F = {
			isa = PBXGroup;
			children = (
				ED730728220B2E310093B38F /* Hospital App iOS */,
				ED730727220B2E310093B38F /* Products */,
			);
			sourceTree = "<group>";
		};
		ED730727220B2E310093B38F /* Products */ = {
			isa = PBXGroup;
			children = (
				ED730726220B2E310093B38F /* Hospital App iOS.app */,
			);
			name = Products;
			sourceTree = "<group>";
		};
		ED730728220B2E310093B38F /* Hospital App iOS */ = {
			isa = PBXGroup;
			children = (
				ED730729220B2E310093B38F /* AppDelegate.swift */,
				ED73073B220B2F2D0093B38F /* MainTableViewController.swift */,
				D0983807239A579B00F850A3 /* DataHandler.swift */,
				ED73072B220B2E310093B38F /* ContentViewController.swift */,
				ED73072D220B2E310093B38F /* Main.storyboard */,
				ED730730220B2E360093B38F /* Assets.xcassets */,
				ED730732220B2E360093B38F /* LaunchScreen.storyboard */,
				D0983809239A5BE300F850A3 /* transcript.md */,
				ED730735220B2E360093B38F /* Info.plist */,
			);
			path = "Hospital App iOS";
			sourceTree = "<group>";
		};
/* End PBXGroup section */

/* Begin PBXNativeTarget section */
		ED730725220B2E310093B38F /* Hospital App iOS */ = {
			isa = PBXNativeTarget;
			buildConfigurationList = ED730738220B2E360093B38F /* Build configuration list for PBXNativeTarget "Hospital App iOS" */;
			buildPhases = (
				ED730722220B2E310093B38F /* Sources */,
				ED730723220B2E310093B38F /* Frameworks */,
				ED730724220B2E310093B38F /* Resources */,
			);
			buildRules = (
			);
			dependencies = (
			);
			name = "Hospital App iOS";
			productName = "Hospital App iOS";
			productReference = ED730726220B2E310093B38F /* Hospital App iOS.app */;
			productType = "com.apple.product-type.application";
		};
/* End PBXNativeTarget section */

/* Begin PBXProject section */
		ED73071E220B2E310093B38F /* Project object */ = {
			isa = PBXProject;
			attributes = {
				LastSwiftUpdateCheck = 1010;
				LastUpgradeCheck = 1010;
				ORGANIZATIONNAME = "Wern Jie Lim";
				TargetAttributes = {
					ED730725220B2E310093B38F = {
						CreatedOnToolsVersion = 10.1;
					};
				};
			};
			buildConfigurationList = ED730721220B2E310093B38F /* Build configuration list for PBXProject "Hospital App iOS" */;
			compatibilityVersion = "Xcode 9.3";
			developmentRegion = en;
			hasScannedForEncodings = 0;
			knownRegions = (
				en,
				Base,
			);
			mainGroup = ED73071D220B2E310093B38F;
			productRefGroup = ED730727220B2E310093B38F /* Products */;
			projectDirPath = "";
			projectRoot = "";
			targets = (
				ED730725220B2E310093B38F /* Hospital App iOS */,
			);
		};
/* End PBXProject section */

/* Begin PBXResourcesBuildPhase section */
		ED730724220B2E310093B38F /* Resources */ = {
			isa = PBXResourcesBuildPhase;
			buildActionMask = 2147483647;
			files = (
				ED730734220B2E360093B38F /* LaunchScreen.storyboard in Resources */,
				ED730731220B2E360093B38F /* Assets.xcassets in Resources */,
				D098380A239A5BE300F850A3 /* transcript.md in Resources */,
				ED73072F220B2E310093B38F /* Main.storyboard in Resources */,
			);
			runOnlyForDeploymentPostprocessing = 0;
		};
/* End PBXResourcesBuildPhase section */

/* Begin PBXSourcesBuildPhase section */
		ED730722220B2E310093B38F /* Sources */ = {
			isa = PBXSourcesBuildPhase;
			buildActionMask = 2147483647;
			files = (
				D0983808239A579B00F850A3 /* DataHandler.swift in Sources */,
				ED73072C220B2E310093B38F /* ContentViewController.swift in Sources */,
				ED73073C220B2F2D0093B38F /* MainTableViewController.swift in Sources */,
				ED73072A220B2E310093B38F /* AppDelegate.swift in Sources */,
			);
			runOnlyForDeploymentPostprocessing = 0;
		};
/* End PBXSourcesBuildPhase section */

/* Begin PBXVariantGroup section */
		ED73072D220B2E310093B38F /* Main.storyboard */ = {
			isa = PBXVariantGroup;
			children = (
				ED73072E220B2E310093B38F /* Base */,
			);
			name = Main.storyboard;
			sourceTree = "<group>";
		};
		ED730732220B2E360093B38F /* LaunchScreen.storyboard */ = {
			isa = PBXVariantGroup;
			children = (
				ED730733220B2E360093B38F /* Base */,
			);
			name = LaunchScreen.storyboard;
			sourceTree = "<group>";
		};
/* End PBXVariantGroup section */

/* Begin XCBuildConfiguration section */
		ED730736220B2E360093B38F /* Debug */ = {
			isa = XCBuildConfiguration;
			buildSettings = {
				ALWAYS_SEARCH_USER_PATHS = NO;
				CLANG_ANALYZER_NONNULL = YES;
				CLANG_ANALYZER_NUMBER_OBJECT_CONVERSION = YES_AGGRESSIVE;
				CLANG_CXX_LANGUAGE_STANDARD = "gnu++14";
				CLANG_CXX_LIBRARY = "libc++";
				CLANG_ENABLE_MODULES = YES;
				CLANG_ENABLE_OBJC_ARC = YES;
				CLANG_ENABLE_OBJC_WEAK = YES;
				CLANG_WARN_BLOCK_CAPTURE_AUTORELEASING = YES;
				CLANG_WARN_BOOL_CONVERSION = YES;
				CLANG_WARN_COMMA = YES;
				CLANG_WARN_CONSTANT_CONVERSION = YES;
				CLANG_WARN_DEPRECATED_OBJC_IMPLEMENTATIONS = YES;
				CLANG_WARN_DIRECT_OBJC_ISA_USAGE = YES_ERROR;
				CLANG_WARN_DOCUMENTATION_COMMENTS = YES;
				CLANG_WARN_EMPTY_BODY = YES;
				CLANG_WARN_ENUM_CONVERSION = YES;
				CLANG_WARN_INFINITE_RECURSION = YES;
				CLANG_WARN_INT_CONVERSION = YES;
				CLANG_WARN_NON_LITERAL_NULL_CONVERSION = YES;
				CLANG_WARN_OBJC_IMPLICIT_RETAIN_SELF = YES;
				CLANG_WARN_OBJC_LITERAL_CONVERSION = YES;
				CLANG_WARN_OBJC_ROOT_CLASS = YES_ERROR;
				CLANG_WARN_RANGE_LOOP_ANALYSIS = YES;
				CLANG_WARN_STRICT_PROTOTYPES = YES;
				CLANG_WARN_SUSPICIOUS_MOVE = YES;
				CLANG_WARN_UNGUARDED_AVAILABILITY = YES_AGGRESSIVE;
				CLANG_WARN_UNREACHABLE_CODE = YES;
				CLANG_WARN__DUPLICATE_METHOD_MATCH = YES;
				CODE_SIGN_IDENTITY = "iPhone Developer";
				COPY_PHASE_STRIP = NO;
				DEBUG_INFORMATION_FORMAT = dwarf;
				ENABLE_STRICT_OBJC_MSGSEND = YES;
				ENABLE_TESTABILITY = YES;
				GCC_C_LANGUAGE_STANDARD = gnu11;
				GCC_DYNAMIC_NO_PIC = NO;
				GCC_NO_COMMON_BLOCKS = YES;
				GCC_OPTIMIZATION_LEVEL = 0;
				GCC_PREPROCESSOR_DEFINITIONS = (
					"DEBUG=1",
					"$(inherited)",
				);
				GCC_WARN_64_TO_32_BIT_CONVERSION = YES;
				GCC_WARN_ABOUT_RETURN_TYPE = YES_ERROR;
				GCC_WARN_UNDECLARED_SELECTOR = YES;
				GCC_WARN_UNINITIALIZED_AUTOS = YES_AGGRESSIVE;
				GCC_WARN_UNUSED_FUNCTION = YES;
				GCC_WARN_UNUSED_VARIABLE = YES;
				IPHONEOS_DEPLOYMENT_TARGET = 12.1;
				MTL_ENABLE_DEBUG_INFO = INCLUDE_SOURCE;
				MTL_FAST_MATH = YES;
				ONLY_ACTIVE_ARCH = YES;
				SDKROOT = iphoneos;
				SWIFT_ACTIVE_COMPILATION_CONDITIONS = DEBUG;
				SWIFT_OPTIMIZATION_LEVEL = "-Onone";
			};
			name = Debug;
		};
		ED730737220B2E360093B38F /* Release */ = {
			isa = XCBuildConfiguration;
			buildSettings = {
				ALWAYS_SEARCH_USER_PATHS = NO;
				CLANG_ANALYZER_NONNULL = YES;
				CLANG_ANALYZER_NUMBER_OBJECT_CONVERSION = YES_AGGRESSIVE;
				CLANG_CXX_LANGUAGE_STANDARD = "gnu++14";
				CLANG_CXX_LIBRARY = "libc++";
				CLANG_ENABLE_MODULES = YES;
				CLANG_ENABLE_OBJC_ARC = YES;
				CLANG_ENABLE_OBJC_WEAK = YES;
				CLANG_WARN_BLOCK_CAPTURE_AUTORELEASING = YES;
				CLANG_WARN_BOOL_CONVERSION = YES;
				CLANG_WARN_COMMA = YES;
				CLANG_WARN_CONSTANT_CONVERSION = YES;
				CLANG_WARN_DEPRECATED_OBJC_IMPLEMENTATIONS = YES;
				CLANG_WARN_DIRECT_OBJC_ISA_USAGE = YES_ERROR;
				CLANG_WARN_DOCUMENTATION_COMMENTS = YES;
				CLANG_WARN_EMPTY_BODY = YES;
				CLANG_WARN_ENUM_CONVERSION = YES;
				CLANG_WARN_INFINITE_RECURSION = YES;
				CLANG_WARN_INT_CONVERSION = YES;
				CLANG_WARN_NON_LITERAL_NULL_CONVERSION = YES;
				CLANG_WARN_OBJC_IMPLICIT_RETAIN_SELF = YES;
				CLANG_WARN_OBJC_LITERAL_CONVERSION = YES;
				CLANG_WARN_OBJC_ROOT_CLASS = YES_ERROR;
				CLANG_WARN_RANGE_LOOP_ANALYSIS = YES;
				CLANG_WARN_STRICT_PROTOTYPES = YES;
				CLANG_WARN_SUSPICIOUS_MOVE = YES;
				CLANG_WARN_UNGUARDED_AVAILABILITY = YES_AGGRESSIVE;
				CLANG_WARN_UNREACHABLE_CODE = YES;
				CLANG_WARN__DUPLICATE_METHOD_MATCH = YES;
				CODE_SIGN_IDENTITY = "iPhone Developer";
				COPY_PHASE_STRIP = NO;
				DEBUG_INFORMATION_FORMAT = "dwarf-with-dsym";
				ENABLE_NS_ASSERTIONS = NO;
				ENABLE_STRICT_OBJC_MSGSEND = YES;
				GCC_C_LANGUAGE_STANDARD = gnu11;
				GCC_NO_COMMON_BLOCKS = YES;
				GCC_WARN_64_TO_32_BIT_CONVERSION = YES;
				GCC_WARN_ABOUT_RETURN_TYPE = YES_ERROR;
				GCC_WARN_UNDECLARED_SELECTOR = YES;
				GCC_WARN_UNINITIALIZED_AUTOS = YES_AGGRESSIVE;
				GCC_WARN_UNUSED_FUNCTION = YES;
				GCC_WARN_UNUSED_VARIABLE = YES;
				IPHONEOS_DEPLOYMENT_TARGET = 12.1;
				MTL_ENABLE_DEBUG_INFO = NO;
				MTL_FAST_MATH = YES;
				SDKROOT = iphoneos;
				SWIFT_COMPILATION_MODE = wholemodule;
				SWIFT_OPTIMIZATION_LEVEL = "-O";
				VALIDATE_PRODUCT = YES;
			};
			name = Release;
		};
		ED730739220B2E360093B38F /* Debug */ = {
			isa = XCBuildConfiguration;
			buildSettings = {
				ASSETCATALOG_COMPILER_APPICON_NAME = AppIcon;
				CODE_SIGN_STYLE = Automatic;
				DEVELOPMENT_TEAM = 2MNM6PUQP4;
				INFOPLIST_FILE = "Hospital App iOS/Info.plist";
				IPHONEOS_DEPLOYMENT_TARGET = 9.0;
				LD_RUNPATH_SEARCH_PATHS = (
					"$(inherited)",
					"@executable_path/Frameworks",
				);
				PRODUCT_BUNDLE_IDENTIFIER = "com.limwernjie.Hospital-App-iOS";
				PRODUCT_NAME = "$(TARGET_NAME)";
				SWIFT_VERSION = 4.2;
				TARGETED_DEVICE_FAMILY = "1,2";
			};
			name = Debug;
		};
		ED73073A220B2E360093B38F /* Release */ = {
			isa = XCBuildConfiguration;
			buildSettings = {
				ASSETCATALOG_COMPILER_APPICON_NAME = AppIcon;
				CODE_SIGN_STYLE = Automatic;
				DEVELOPMENT_TEAM = 2MNM6PUQP4;
				INFOPLIST_FILE = "Hospital App iOS/Info.plist";
				IPHONEOS_DEPLOYMENT_TARGET = 9.0;
				LD_RUNPATH_SEARCH_PATHS = (
					"$(inherited)",
					"@executable_path/Frameworks",
				);
				PRODUCT_BUNDLE_IDENTIFIER = "com.limwernjie.Hospital-App-iOS";
				PRODUCT_NAME = "$(TARGET_NAME)";
				SWIFT_VERSION = 4.2;
				TARGETED_DEVICE_FAMILY = "1,2";
			};
			name = Release;
		};
/* End XCBuildConfiguration section */

/* Begin XCConfigurationList section */
		ED730721220B2E310093B38F /* Build configuration list for PBXProject "Hospital App iOS" */ = {
			isa = XCConfigurationList;
			buildConfigurations = (
				ED730736220B2E360093B38F /* Debug */,
				ED730737220B2E360093B38F /* Release */,
			);
			defaultConfigurationIsVisible = 0;
			defaultConfigurationName = Release;
		};
		ED730738220B2E360093B38F /* Build configuration list for PBXNativeTarget "Hospital App iOS" */ = {
			isa = XCConfigurationList;
			buildConfigurations = (
				ED730739220B2E360093B38F /* Debug */,
				ED73073A220B2E360093B38F /* Release */,
			);
			defaultConfigurationIsVisible = 0;
			defaultConfigurationName = Release;
		};
/* End XCConfigurationList section */
	};
	rootObject = ED73071E220B2E310093B38F /* Project object */;
}
